// !$*UTF8*$!
{
	archiveVersion = 1;
	classes = {
	};
	objectVersion = 56;
	objects = {

/* Begin PBXBuildFile section */
		4C06B1012A342CEF00845B61 /* CharactersListQuery.graphql.swift in Sources */ = {isa = PBXBuildFile; fileRef = 4C06B0F92A342CEF00845B61 /* CharactersListQuery.graphql.swift */; };
		4C06B1022A342CEF00845B61 /* Characters.graphql.swift in Sources */ = {isa = PBXBuildFile; fileRef = 4C06B0FC2A342CEF00845B61 /* Characters.graphql.swift */; };
		4C06B1032A342CEF00845B61 /* Character.graphql.swift in Sources */ = {isa = PBXBuildFile; fileRef = 4C06B0FD2A342CEF00845B61 /* Character.graphql.swift */; };
		4C06B1042A342CEF00845B61 /* Query.graphql.swift in Sources */ = {isa = PBXBuildFile; fileRef = 4C06B0FE2A342CEF00845B61 /* Query.graphql.swift */; };
		4C06B1052A342CEF00845B61 /* SchemaConfiguration.swift in Sources */ = {isa = PBXBuildFile; fileRef = 4C06B0FF2A342CEF00845B61 /* SchemaConfiguration.swift */; };
		4C06B1062A342CEF00845B61 /* SchemaMetadata.graphql.swift in Sources */ = {isa = PBXBuildFile; fileRef = 4C06B1002A342CEF00845B61 /* SchemaMetadata.graphql.swift */; };
		4C06B10C2A343C2300845B61 /* CharacterDetailQuery.graphql.swift in Sources */ = {isa = PBXBuildFile; fileRef = 4C06B10B2A343C2300845B61 /* CharacterDetailQuery.graphql.swift */; };
		4C06B10F2A343D3100845B61 /* CharacterDetailView.swift in Sources */ = {isa = PBXBuildFile; fileRef = 4C06B10E2A343D3100845B61 /* CharacterDetailView.swift */; };
		4C06B1152A3444B500845B61 /* ImageExtension.swift in Sources */ = {isa = PBXBuildFile; fileRef = 4C06B1142A3444B500845B61 /* ImageExtension.swift */; };
		4C0C572B2A3CFE6100C10218 /* CharactersListViewModel.swift in Sources */ = {isa = PBXBuildFile; fileRef = 4C0C572A2A3CFE6100C10218 /* CharactersListViewModel.swift */; };
		4C0C572D2A3D06B200C10218 /* CharacterDetailViewModel.swift in Sources */ = {isa = PBXBuildFile; fileRef = 4C0C572C2A3D06B200C10218 /* CharacterDetailViewModel.swift */; };
		4C649ADE2A33DDA0006D2F81 /* RickAndMortyApp.swift in Sources */ = {isa = PBXBuildFile; fileRef = 4C649ADD2A33DDA0006D2F81 /* RickAndMortyApp.swift */; };
		4C649AE02A33DDA0006D2F81 /* CharactersListView.swift in Sources */ = {isa = PBXBuildFile; fileRef = 4C649ADF2A33DDA0006D2F81 /* CharactersListView.swift */; };
		4C649AE22A33DDA2006D2F81 /* Assets.xcassets in Resources */ = {isa = PBXBuildFile; fileRef = 4C649AE12A33DDA2006D2F81 /* Assets.xcassets */; };
		4C649AE52A33DDA2006D2F81 /* Preview Assets.xcassets in Resources */ = {isa = PBXBuildFile; fileRef = 4C649AE42A33DDA2006D2F81 /* Preview Assets.xcassets */; };
		4CA3AD712A3414DC004BFD51 /* Apollo in Frameworks */ = {isa = PBXBuildFile; productRef = 4CA3AD702A3414DC004BFD51 /* Apollo */; };
		4CA3AD782A3419A9004BFD51 /* queries.graphql in Resources */ = {isa = PBXBuildFile; fileRef = 4CA3AD762A3419A9004BFD51 /* queries.graphql */; };
		4CA3AD792A3419A9004BFD51 /* schema.json in Resources */ = {isa = PBXBuildFile; fileRef = 4CA3AD772A3419A9004BFD51 /* schema.json */; };
		4CA3AD7C2A341CAA004BFD51 /* ApolloManager.swift in Sources */ = {isa = PBXBuildFile; fileRef = 4CA3AD7B2A341CAA004BFD51 /* ApolloManager.swift */; };
		4CD5C8012A345EB30072CD20 /* LaunchScreen.storyboard in Resources */ = {isa = PBXBuildFile; fileRef = 4CD5C8002A345EB30072CD20 /* LaunchScreen.storyboard */; };
/* End PBXBuildFile section */

/* Begin PBXFileReference section */
		4C06B0F92A342CEF00845B61 /* CharactersListQuery.graphql.swift */ = {isa = PBXFileReference; fileEncoding = 4; lastKnownFileType = sourcecode.swift; path = CharactersListQuery.graphql.swift; sourceTree = "<group>"; };
		4C06B0FC2A342CEF00845B61 /* Characters.graphql.swift */ = {isa = PBXFileReference; fileEncoding = 4; lastKnownFileType = sourcecode.swift; path = Characters.graphql.swift; sourceTree = "<group>"; };
		4C06B0FD2A342CEF00845B61 /* Character.graphql.swift */ = {isa = PBXFileReference; fileEncoding = 4; lastKnownFileType = sourcecode.swift; path = Character.graphql.swift; sourceTree = "<group>"; };
		4C06B0FE2A342CEF00845B61 /* Query.graphql.swift */ = {isa = PBXFileReference; fileEncoding = 4; lastKnownFileType = sourcecode.swift; path = Query.graphql.swift; sourceTree = "<group>"; };
		4C06B0FF2A342CEF00845B61 /* SchemaConfiguration.swift */ = {isa = PBXFileReference; fileEncoding = 4; lastKnownFileType = sourcecode.swift; path = SchemaConfiguration.swift; sourceTree = "<group>"; };
		4C06B1002A342CEF00845B61 /* SchemaMetadata.graphql.swift */ = {isa = PBXFileReference; fileEncoding = 4; lastKnownFileType = sourcecode.swift; path = SchemaMetadata.graphql.swift; sourceTree = "<group>"; };
		4C06B10B2A343C2300845B61 /* CharacterDetailQuery.graphql.swift */ = {isa = PBXFileReference; fileEncoding = 4; lastKnownFileType = sourcecode.swift; path = CharacterDetailQuery.graphql.swift; sourceTree = "<group>"; };
		4C06B10E2A343D3100845B61 /* CharacterDetailView.swift */ = {isa = PBXFileReference; lastKnownFileType = sourcecode.swift; path = CharacterDetailView.swift; sourceTree = "<group>"; };
		4C06B1142A3444B500845B61 /* ImageExtension.swift */ = {isa = PBXFileReference; lastKnownFileType = sourcecode.swift; path = ImageExtension.swift; sourceTree = "<group>"; };
		4C0C572A2A3CFE6100C10218 /* CharactersListViewModel.swift */ = {isa = PBXFileReference; lastKnownFileType = sourcecode.swift; path = CharactersListViewModel.swift; sourceTree = "<group>"; };
		4C0C572C2A3D06B200C10218 /* CharacterDetailViewModel.swift */ = {isa = PBXFileReference; lastKnownFileType = sourcecode.swift; path = CharacterDetailViewModel.swift; sourceTree = "<group>"; };
		4C649ADA2A33DDA0006D2F81 /* RickAndMorty.app */ = {isa = PBXFileReference; explicitFileType = wrapper.application; includeInIndex = 0; path = RickAndMorty.app; sourceTree = BUILT_PRODUCTS_DIR; };
		4C649ADD2A33DDA0006D2F81 /* RickAndMortyApp.swift */ = {isa = PBXFileReference; lastKnownFileType = sourcecode.swift; path = RickAndMortyApp.swift; sourceTree = "<group>"; };
		4C649ADF2A33DDA0006D2F81 /* CharactersListView.swift */ = {isa = PBXFileReference; lastKnownFileType = sourcecode.swift; path = CharactersListView.swift; sourceTree = "<group>"; };
		4C649AE12A33DDA2006D2F81 /* Assets.xcassets */ = {isa = PBXFileReference; lastKnownFileType = folder.assetcatalog; path = Assets.xcassets; sourceTree = "<group>"; };
		4C649AE42A33DDA2006D2F81 /* Preview Assets.xcassets */ = {isa = PBXFileReference; lastKnownFileType = folder.assetcatalog; path = "Preview Assets.xcassets"; sourceTree = "<group>"; };
		4CA3AD762A3419A9004BFD51 /* queries.graphql */ = {isa = PBXFileReference; fileEncoding = 4; lastKnownFileType = text; path = queries.graphql; sourceTree = "<group>"; };
		4CA3AD772A3419A9004BFD51 /* schema.json */ = {isa = PBXFileReference; fileEncoding = 4; lastKnownFileType = text.json; path = schema.json; sourceTree = "<group>"; };
		4CA3AD7B2A341CAA004BFD51 /* ApolloManager.swift */ = {isa = PBXFileReference; lastKnownFileType = sourcecode.swift; path = ApolloManager.swift; sourceTree = "<group>"; };
		4CD5C8002A345EB30072CD20 /* LaunchScreen.storyboard */ = {isa = PBXFileReference; lastKnownFileType = file.storyboard; path = LaunchScreen.storyboard; sourceTree = "<group>"; };
/* End PBXFileReference section */

/* Begin PBXFrameworksBuildPhase section */
		4C649AD72A33DDA0006D2F81 /* Frameworks */ = {
			isa = PBXFrameworksBuildPhase;
			buildActionMask = 2147483647;
			files = (
				4CA3AD712A3414DC004BFD51 /* Apollo in Frameworks */,
			);
			runOnlyForDeploymentPostprocessing = 0;
		};
/* End PBXFrameworksBuildPhase section */

/* Begin PBXGroup section */
		4C06B0F62A342CEF00845B61 /* Sources */ = {
			isa = PBXGroup;
			children = (
				4C06B0F72A342CEF00845B61 /* Operations */,
				4C06B0FA2A342CEF00845B61 /* Schema */,
			);
			path = Sources;
			sourceTree = "<group>";
		};
		4C06B0F72A342CEF00845B61 /* Operations */ = {
			isa = PBXGroup;
			children = (
				4C06B0F82A342CEF00845B61 /* Queries */,
			);
			path = Operations;
			sourceTree = "<group>";
		};
		4C06B0F82A342CEF00845B61 /* Queries */ = {
			isa = PBXGroup;
			children = (
				4C06B0F92A342CEF00845B61 /* CharactersListQuery.graphql.swift */,
				4C06B10B2A343C2300845B61 /* CharacterDetailQuery.graphql.swift */,
			);
			path = Queries;
			sourceTree = "<group>";
		};
		4C06B0FA2A342CEF00845B61 /* Schema */ = {
			isa = PBXGroup;
			children = (
				4C06B0FB2A342CEF00845B61 /* Objects */,
				4C06B0FF2A342CEF00845B61 /* SchemaConfiguration.swift */,
				4C06B1002A342CEF00845B61 /* SchemaMetadata.graphql.swift */,
			);
			path = Schema;
			sourceTree = "<group>";
		};
		4C06B0FB2A342CEF00845B61 /* Objects */ = {
			isa = PBXGroup;
			children = (
				4C06B0FC2A342CEF00845B61 /* Characters.graphql.swift */,
				4C06B0FD2A342CEF00845B61 /* Character.graphql.swift */,
				4C06B0FE2A342CEF00845B61 /* Query.graphql.swift */,
			);
			path = Objects;
			sourceTree = "<group>";
		};
		4C06B10A2A34393100845B61 /* CharacterListView */ = {
			isa = PBXGroup;
			children = (
				4C649ADF2A33DDA0006D2F81 /* CharactersListView.swift */,
				4C0C572A2A3CFE6100C10218 /* CharactersListViewModel.swift */,
			);
			path = CharacterListView;
			sourceTree = "<group>";
		};
		4C06B10D2A343D0000845B61 /* CharacterDetailView */ = {
			isa = PBXGroup;
			children = (
				4C06B10E2A343D3100845B61 /* CharacterDetailView.swift */,
				4C0C572C2A3D06B200C10218 /* CharacterDetailViewModel.swift */,
			);
			path = CharacterDetailView;
			sourceTree = "<group>";
		};
		4C06B1132A3444A000845B61 /* Extensions */ = {
			isa = PBXGroup;
			children = (
				4C06B1142A3444B500845B61 /* ImageExtension.swift */,
			);
			path = Extensions;
			sourceTree = "<group>";
		};
		4C649AD12A33DDA0006D2F81 = {
			isa = PBXGroup;
			children = (
				4C649ADC2A33DDA0006D2F81 /* RickAndMorty */,
				4C649ADB2A33DDA0006D2F81 /* Products */,
			);
			sourceTree = "<group>";
		};
		4C649ADB2A33DDA0006D2F81 /* Products */ = {
			isa = PBXGroup;
			children = (
				4C649ADA2A33DDA0006D2F81 /* RickAndMorty.app */,
			);
			name = Products;
			sourceTree = "<group>";
		};
		4C649ADC2A33DDA0006D2F81 /* RickAndMorty */ = {
			isa = PBXGroup;
			children = (
				4C649ADD2A33DDA0006D2F81 /* RickAndMortyApp.swift */,
				4C06B1132A3444A000845B61 /* Extensions */,
				4C06B0F62A342CEF00845B61 /* Sources */,
				4CA3AD7A2A341C75004BFD51 /* GraphQL */,
				4C06B10A2A34393100845B61 /* CharacterListView */,
				4C06B10D2A343D0000845B61 /* CharacterDetailView */,
				4C649AE12A33DDA2006D2F81 /* Assets.xcassets */,
				4C649AE32A33DDA2006D2F81 /* Preview Content */,
				4CD5C8002A345EB30072CD20 /* LaunchScreen.storyboard */,
			);
			path = RickAndMorty;
			sourceTree = "<group>";
		};
		4C649AE32A33DDA2006D2F81 /* Preview Content */ = {
			isa = PBXGroup;
			children = (
				4C649AE42A33DDA2006D2F81 /* Preview Assets.xcassets */,
			);
			path = "Preview Content";
			sourceTree = "<group>";
		};
		4CA3AD7A2A341C75004BFD51 /* GraphQL */ = {
			isa = PBXGroup;
			children = (
				4CA3AD762A3419A9004BFD51 /* queries.graphql */,
				4CA3AD772A3419A9004BFD51 /* schema.json */,
				4CA3AD7B2A341CAA004BFD51 /* ApolloManager.swift */,
			);
			path = GraphQL;
			sourceTree = "<group>";
		};
/* End PBXGroup section */

/* Begin PBXNativeTarget section */
		4C649AD92A33DDA0006D2F81 /* RickAndMorty */ = {
			isa = PBXNativeTarget;
			buildConfigurationList = 4C649AE82A33DDA2006D2F81 /* Build configuration list for PBXNativeTarget "RickAndMorty" */;
			buildPhases = (
				4C649AD62A33DDA0006D2F81 /* Sources */,
				4C649AD72A33DDA0006D2F81 /* Frameworks */,
				4C649AD82A33DDA0006D2F81 /* Resources */,
			);
			buildRules = (
			);
			dependencies = (
			);
			name = RickAndMorty;
			packageProductDependencies = (
				4CA3AD702A3414DC004BFD51 /* Apollo */,
			);
			productName = RickAndMorty;
			productReference = 4C649ADA2A33DDA0006D2F81 /* RickAndMorty.app */;
			productType = "com.apple.product-type.application";
		};
/* End PBXNativeTarget section */

/* Begin PBXProject section */
		4C649AD22A33DDA0006D2F81 /* Project object */ = {
			isa = PBXProject;
			attributes = {
				BuildIndependentTargetsInParallel = 1;
				LastSwiftUpdateCheck = 1430;
				LastUpgradeCheck = 1430;
				TargetAttributes = {
					4C649AD92A33DDA0006D2F81 = {
						CreatedOnToolsVersion = 14.3;
					};
				};
			};
			buildConfigurationList = 4C649AD52A33DDA0006D2F81 /* Build configuration list for PBXProject "RickAndMorty" */;
			compatibilityVersion = "Xcode 14.0";
			developmentRegion = en;
			hasScannedForEncodings = 0;
			knownRegions = (
				en,
				Base,
			);
			mainGroup = 4C649AD12A33DDA0006D2F81;
			packageReferences = (
				4CA3AD6F2A3414DC004BFD51 /* XCRemoteSwiftPackageReference "apollo-ios" */,
			);
			productRefGroup = 4C649ADB2A33DDA0006D2F81 /* Products */;
			projectDirPath = "";
			projectRoot = "";
			targets = (
				4C649AD92A33DDA0006D2F81 /* RickAndMorty */,
			);
		};
/* End PBXProject section */

/* Begin PBXResourcesBuildPhase section */
		4C649AD82A33DDA0006D2F81 /* Resources */ = {
			isa = PBXResourcesBuildPhase;
			buildActionMask = 2147483647;
			files = (
				4CA3AD792A3419A9004BFD51 /* schema.json in Resources */,
				4C649AE52A33DDA2006D2F81 /* Preview Assets.xcassets in Resources */,
				4CA3AD782A3419A9004BFD51 /* queries.graphql in Resources */,
				4CD5C8012A345EB30072CD20 /* LaunchScreen.storyboard in Resources */,
				4C649AE22A33DDA2006D2F81 /* Assets.xcassets in Resources */,
			);
			runOnlyForDeploymentPostprocessing = 0;
		};
/* End PBXResourcesBuildPhase section */

/* Begin PBXSourcesBuildPhase section */
		4C649AD62A33DDA0006D2F81 /* Sources */ = {
			isa = PBXSourcesBuildPhase;
			buildActionMask = 2147483647;
			files = (
				4C06B1022A342CEF00845B61 /* Characters.graphql.swift in Sources */,
				4C06B10F2A343D3100845B61 /* CharacterDetailView.swift in Sources */,
				4C649AE02A33DDA0006D2F81 /* CharactersListView.swift in Sources */,
				4C06B10C2A343C2300845B61 /* CharacterDetailQuery.graphql.swift in Sources */,
				4C06B1032A342CEF00845B61 /* Character.graphql.swift in Sources */,
				4C06B1012A342CEF00845B61 /* CharactersListQuery.graphql.swift in Sources */,
				4CA3AD7C2A341CAA004BFD51 /* ApolloManager.swift in Sources */,
				4C0C572D2A3D06B200C10218 /* CharacterDetailViewModel.swift in Sources */,
				4C06B1152A3444B500845B61 /* ImageExtension.swift in Sources */,
				4C06B1052A342CEF00845B61 /* SchemaConfiguration.swift in Sources */,
				4C649ADE2A33DDA0006D2F81 /* RickAndMortyApp.swift in Sources */,
				4C06B1062A342CEF00845B61 /* SchemaMetadata.graphql.swift in Sources */,
				4C06B1042A342CEF00845B61 /* Query.graphql.swift in Sources */,
				4C0C572B2A3CFE6100C10218 /* CharactersListViewModel.swift in Sources */,
			);
			runOnlyForDeploymentPostprocessing = 0;
		};
/* End PBXSourcesBuildPhase section */

/* Begin XCBuildConfiguration section */
		4C649AE62A33DDA2006D2F81 /* Debug */ = {
			isa = XCBuildConfiguration;
			buildSettings = {
				ALWAYS_SEARCH_USER_PATHS = NO;
				CLANG_ANALYZER_NONNULL = YES;
				CLANG_ANALYZER_NUMBER_OBJECT_CONVERSION = YES_AGGRESSIVE;
				CLANG_CXX_LANGUAGE_STANDARD = "gnu++20";
				CLANG_ENABLE_MODULES = YES;
				CLANG_ENABLE_OBJC_ARC = YES;
				CLANG_ENABLE_OBJC_WEAK = YES;
				CLANG_WARN_BLOCK_CAPTURE_AUTORELEASING = YES;
				CLANG_WARN_BOOL_CONVERSION = YES;
				CLANG_WARN_COMMA = YES;
				CLANG_WARN_CONSTANT_CONVERSION = YES;
				CLANG_WARN_DEPRECATED_OBJC_IMPLEMENTATIONS = YES;
				CLANG_WARN_DIRECT_OBJC_ISA_USAGE = YES_ERROR;
				CLANG_WARN_DOCUMENTATION_COMMENTS = YES;
				CLANG_WARN_EMPTY_BODY = YES;
				CLANG_WARN_ENUM_CONVERSION = YES;
				CLANG_WARN_INFINITE_RECURSION = YES;
				CLANG_WARN_INT_CONVERSION = YES;
				CLANG_WARN_NON_LITERAL_NULL_CONVERSION = YES;
				CLANG_WARN_OBJC_IMPLICIT_RETAIN_SELF = YES;
				CLANG_WARN_OBJC_LITERAL_CONVERSION = YES;
				CLANG_WARN_OBJC_ROOT_CLASS = YES_ERROR;
				CLANG_WARN_QUOTED_INCLUDE_IN_FRAMEWORK_HEADER = YES;
				CLANG_WARN_RANGE_LOOP_ANALYSIS = YES;
				CLANG_WARN_STRICT_PROTOTYPES = YES;
				CLANG_WARN_SUSPICIOUS_MOVE = YES;
				CLANG_WARN_UNGUARDED_AVAILABILITY = YES_AGGRESSIVE;
				CLANG_WARN_UNREACHABLE_CODE = YES;
				CLANG_WARN__DUPLICATE_METHOD_MATCH = YES;
				COPY_PHASE_STRIP = NO;
				DEBUG_INFORMATION_FORMAT = dwarf;
				ENABLE_STRICT_OBJC_MSGSEND = YES;
				ENABLE_TESTABILITY = YES;
				GCC_C_LANGUAGE_STANDARD = gnu11;
				GCC_DYNAMIC_NO_PIC = NO;
				GCC_NO_COMMON_BLOCKS = YES;
				GCC_OPTIMIZATION_LEVEL = 0;
				GCC_PREPROCESSOR_DEFINITIONS = (
					"DEBUG=1",
					"$(inherited)",
				);
				GCC_WARN_64_TO_32_BIT_CONVERSION = YES;
				GCC_WARN_ABOUT_RETURN_TYPE = YES_ERROR;
				GCC_WARN_UNDECLARED_SELECTOR = YES;
				GCC_WARN_UNINITIALIZED_AUTOS = YES_AGGRESSIVE;
				GCC_WARN_UNUSED_FUNCTION = YES;
				GCC_WARN_UNUSED_VARIABLE = YES;
				IPHONEOS_DEPLOYMENT_TARGET = 16.4;
				MTL_ENABLE_DEBUG_INFO = INCLUDE_SOURCE;
				MTL_FAST_MATH = YES;
				ONLY_ACTIVE_ARCH = YES;
				SDKROOT = iphoneos;
				SWIFT_ACTIVE_COMPILATION_CONDITIONS = DEBUG;
				SWIFT_OPTIMIZATION_LEVEL = "-Onone";
			};
			name = Debug;
		};
		4C649AE72A33DDA2006D2F81 /* Release */ = {
			isa = XCBuildConfiguration;
			buildSettings = {
				ALWAYS_SEARCH_USER_PATHS = NO;
				CLANG_ANALYZER_NONNULL = YES;
				CLANG_ANALYZER_NUMBER_OBJECT_CONVERSION = YES_AGGRESSIVE;
				CLANG_CXX_LANGUAGE_STANDARD = "gnu++20";
				CLANG_ENABLE_MODULES = YES;
				CLANG_ENABLE_OBJC_ARC = YES;
				CLANG_ENABLE_OBJC_WEAK = YES;
				CLANG_WARN_BLOCK_CAPTURE_AUTORELEASING = YES;
				CLANG_WARN_BOOL_CONVERSION = YES;
				CLANG_WARN_COMMA = YES;
				CLANG_WARN_CONSTANT_CONVERSION = YES;
				CLANG_WARN_DEPRECATED_OBJC_IMPLEMENTATIONS = YES;
				CLANG_WARN_DIRECT_OBJC_ISA_USAGE = YES_ERROR;
				CLANG_WARN_DOCUMENTATION_COMMENTS = YES;
				CLANG_WARN_EMPTY_BODY = YES;
				CLANG_WARN_ENUM_CONVERSION = YES;
				CLANG_WARN_INFINITE_RECURSION = YES;
				CLANG_WARN_INT_CONVERSION = YES;
				CLANG_WARN_NON_LITERAL_NULL_CONVERSION = YES;
				CLANG_WARN_OBJC_IMPLICIT_RETAIN_SELF = YES;
				CLANG_WARN_OBJC_LITERAL_CONVERSION = YES;
				CLANG_WARN_OBJC_ROOT_CLASS = YES_ERROR;
				CLANG_WARN_QUOTED_INCLUDE_IN_FRAMEWORK_HEADER = YES;
				CLANG_WARN_RANGE_LOOP_ANALYSIS = YES;
				CLANG_WARN_STRICT_PROTOTYPES = YES;
				CLANG_WARN_SUSPICIOUS_MOVE = YES;
				CLANG_WARN_UNGUARDED_AVAILABILITY = YES_AGGRESSIVE;
				CLANG_WARN_UNREACHABLE_CODE = YES;
				CLANG_WARN__DUPLICATE_METHOD_MATCH = YES;
				COPY_PHASE_STRIP = NO;
				DEBUG_INFORMATION_FORMAT = "dwarf-with-dsym";
				ENABLE_NS_ASSERTIONS = NO;
				ENABLE_STRICT_OBJC_MSGSEND = YES;
				GCC_C_LANGUAGE_STANDARD = gnu11;
				GCC_NO_COMMON_BLOCKS = YES;
				GCC_WARN_64_TO_32_BIT_CONVERSION = YES;
				GCC_WARN_ABOUT_RETURN_TYPE = YES_ERROR;
				GCC_WARN_UNDECLARED_SELECTOR = YES;
				GCC_WARN_UNINITIALIZED_AUTOS = YES_AGGRESSIVE;
				GCC_WARN_UNUSED_FUNCTION = YES;
				GCC_WARN_UNUSED_VARIABLE = YES;
				IPHONEOS_DEPLOYMENT_TARGET = 16.4;
				MTL_ENABLE_DEBUG_INFO = NO;
				MTL_FAST_MATH = YES;
				SDKROOT = iphoneos;
				SWIFT_COMPILATION_MODE = wholemodule;
				SWIFT_OPTIMIZATION_LEVEL = "-O";
				VALIDATE_PRODUCT = YES;
			};
			name = Release;
		};
		4C649AE92A33DDA2006D2F81 /* Debug */ = {
			isa = XCBuildConfiguration;
			buildSettings = {
				ASSETCATALOG_COMPILER_APPICON_NAME = AppIcon;
				ASSETCATALOG_COMPILER_GLOBAL_ACCENT_COLOR_NAME = AccentColor;
				CODE_SIGN_STYLE = Automatic;
				CURRENT_PROJECT_VERSION = 1;
				DEVELOPMENT_ASSET_PATHS = "\"RickAndMorty/Preview Content\"";
				DEVELOPMENT_TEAM = QGMJDWHD6Q;
				ENABLE_PREVIEWS = YES;
				GENERATE_INFOPLIST_FILE = YES;
				INFOPLIST_KEY_UIApplicationSceneManifest_Generation = YES;
				INFOPLIST_KEY_UIApplicationSupportsIndirectInputEvents = YES;
				INFOPLIST_KEY_UILaunchScreen_Generation = YES;
				INFOPLIST_KEY_UILaunchStoryboardName = LaunchScreen.storyboard;
				INFOPLIST_KEY_UISupportedInterfaceOrientations_iPad = "UIInterfaceOrientationPortrait UIInterfaceOrientationPortraitUpsideDown UIInterfaceOrientationLandscapeLeft UIInterfaceOrientationLandscapeRight";
				INFOPLIST_KEY_UISupportedInterfaceOrientations_iPhone = "UIInterfaceOrientationPortrait UIInterfaceOrientationLandscapeLeft UIInterfaceOrientationLandscapeRight";
				LD_RUNPATH_SEARCH_PATHS = (
					"$(inherited)",
					"@executable_path/Frameworks",
				);
				MARKETING_VERSION = 1.0;
				PRODUCT_BUNDLE_IDENTIFIER = com.jorgerebolloj.RickAndMorty;
				PRODUCT_NAME = "$(TARGET_NAME)";
				SWIFT_EMIT_LOC_STRINGS = YES;
				SWIFT_VERSION = 5.0;
				TARGETED_DEVICE_FAMILY = "1,2";
			};
			name = Debug;
		};
		4C649AEA2A33DDA2006D2F81 /* Release */ = {
			isa = XCBuildConfiguration;
			buildSettings = {
				ASSETCATALOG_COMPILER_APPICON_NAME = AppIcon;
				ASSETCATALOG_COMPILER_GLOBAL_ACCENT_COLOR_NAME = AccentColor;
				CODE_SIGN_STYLE = Automatic;
				CURRENT_PROJECT_VERSION = 1;
				DEVELOPMENT_ASSET_PATHS = "\"RickAndMorty/Preview Content\"";
				DEVELOPMENT_TEAM = QGMJDWHD6Q;
				ENABLE_PREVIEWS = YES;
				GENERATE_INFOPLIST_FILE = YES;
				INFOPLIST_KEY_UIApplicationSceneManifest_Generation = YES;
				INFOPLIST_KEY_UIApplicationSupportsIndirectInputEvents = YES;
				INFOPLIST_KEY_UILaunchScreen_Generation = YES;
				INFOPLIST_KEY_UILaunchStoryboardName = LaunchScreen.storyboard;
				INFOPLIST_KEY_UISupportedInterfaceOrientations_iPad = "UIInterfaceOrientationPortrait UIInterfaceOrientationPortraitUpsideDown UIInterfaceOrientationLandscapeLeft UIInterfaceOrientationLandscapeRight";
				INFOPLIST_KEY_UISupportedInterfaceOrientations_iPhone = "UIInterfaceOrientationPortrait UIInterfaceOrientationLandscapeLeft UIInterfaceOrientationLandscapeRight";
				LD_RUNPATH_SEARCH_PATHS = (
					"$(inherited)",
					"@executable_path/Frameworks",
				);
				MARKETING_VERSION = 1.0;
				PRODUCT_BUNDLE_IDENTIFIER = com.jorgerebolloj.RickAndMorty;
				PRODUCT_NAME = "$(TARGET_NAME)";
				SWIFT_EMIT_LOC_STRINGS = YES;
				SWIFT_VERSION = 5.0;
				TARGETED_DEVICE_FAMILY = "1,2";
			};
			name = Release;
		};
/* End XCBuildConfiguration section */

/* Begin XCConfigurationList section */
		4C649AD52A33DDA0006D2F81 /* Build configuration list for PBXProject "RickAndMorty" */ = {
			isa = XCConfigurationList;
			buildConfigurations = (
				4C649AE62A33DDA2006D2F81 /* Debug */,
				4C649AE72A33DDA2006D2F81 /* Release */,
			);
			defaultConfigurationIsVisible = 0;
			defaultConfigurationName = Release;
		};
		4C649AE82A33DDA2006D2F81 /* Build configuration list for PBXNativeTarget "RickAndMorty" */ = {
			isa = XCConfigurationList;
			buildConfigurations = (
				4C649AE92A33DDA2006D2F81 /* Debug */,
				4C649AEA2A33DDA2006D2F81 /* Release */,
			);
			defaultConfigurationIsVisible = 0;
			defaultConfigurationName = Release;
		};
/* End XCConfigurationList section */

/* Begin XCRemoteSwiftPackageReference section */
		4CA3AD6F2A3414DC004BFD51 /* XCRemoteSwiftPackageReference "apollo-ios" */ = {
			isa = XCRemoteSwiftPackageReference;
			repositoryURL = "https://github.com/apollographql/apollo-ios.git";
			requirement = {
				kind = upToNextMinorVersion;
				minimumVersion = 1.2.0;
			};
		};
/* End XCRemoteSwiftPackageReference section */

/* Begin XCSwiftPackageProductDependency section */
		4CA3AD702A3414DC004BFD51 /* Apollo */ = {
			isa = XCSwiftPackageProductDependency;
			package = 4CA3AD6F2A3414DC004BFD51 /* XCRemoteSwiftPackageReference "apollo-ios" */;
			productName = Apollo;
		};
/* End XCSwiftPackageProductDependency section */
	};
	rootObject = 4C649AD22A33DDA0006D2F81 /* Project object */;
}
